
Microsoft Visual Studio Solution File, Format Version 12.00
Project("{FAE04EC0-301F-11D3-BF4B-00C04F79EFBC}") = "Sorting_visualizer", "Sorting_visualizer.csproj", "{F3EB0E47-7139-425A-9D88-1CE823578E06}"
EndProject
Global
	GlobalSection(SolutionConfigurationPlatforms) = preSolution
		Debug|Any CPU = Debug|Any CPU
		Release|Any CPU = Release|Any CPU
	EndGlobalSection
	GlobalSection(ProjectConfigurationPlatforms) = postSolution
		{F3EB0E47-7139-425A-9D88-1CE823578E06}.Debug|Any CPU.ActiveCfg = Debug|Any CPU
		{F3EB0E47-7139-425A-9D88-1CE823578E06}.Debug|Any CPU.Build.0 = Debug|Any CPU
		{F3EB0E47-7139-425A-9D88-1CE823578E06}.Release|Any CPU.ActiveCfg = Release|Any CPU
		{F3EB0E47-7139-425A-9D88-1CE823578E06}.Release|Any CPU.Build.0 = Release|Any CPU
	EndGlobalSection
EndGlobal
